// !$*UTF8*$!
{
	archiveVersion = 1;
	classes = {
	};
	objectVersion = 46;
	objects = {

/* Begin PBXBuildFile section */
		C976F96D1DCE5A7000884DBF /* AppDelegate.swift in Sources */ = {isa = PBXBuildFile; fileRef = C976F96C1DCE5A7000884DBF /* AppDelegate.swift */; };
		C976F96F1DCE5A7000884DBF /* ViewController.swift in Sources */ = {isa = PBXBuildFile; fileRef = C976F96E1DCE5A7000884DBF /* ViewController.swift */; };
		C976F9721DCE5A7000884DBF /* Main.storyboard in Resources */ = {isa = PBXBuildFile; fileRef = C976F9701DCE5A7000884DBF /* Main.storyboard */; };
		C976F9741DCE5A7000884DBF /* Assets.xcassets in Resources */ = {isa = PBXBuildFile; fileRef = C976F9731DCE5A7000884DBF /* Assets.xcassets */; };
		C976F9771DCE5A7000884DBF /* LaunchScreen.storyboard in Resources */ = {isa = PBXBuildFile; fileRef = C976F9751DCE5A7000884DBF /* LaunchScreen.storyboard */; };
/* End PBXBuildFile section */

/* Begin PBXFileReference section */
		C976F9691DCE5A7000884DBF /* BudgeIt.app */ = {isa = PBXFileReference; explicitFileType = wrapper.application; includeInIndex = 0; path = BudgeIt.app; sourceTree = BUILT_PRODUCTS_DIR; };
		C976F96C1DCE5A7000884DBF /* AppDelegate.swift */ = {isa = PBXFileReference; lastKnownFileType = sourcecode.swift; path = AppDelegate.swift; sourceTree = "<group>"; };
		C976F96E1DCE5A7000884DBF /* ViewController.swift */ = {isa = PBXFileReference; lastKnownFileType = sourcecode.swift; path = ViewController.swift; sourceTree = "<group>"; };
		C976F9711DCE5A7000884DBF /* Base */ = {isa = PBXFileReference; lastKnownFileType = file.storyboard; name = Base; path = Base.lproj/Main.storyboard; sourceTree = "<group>"; };
		C976F9731DCE5A7000884DBF /* Assets.xcassets */ = {isa = PBXFileReference; lastKnownFileType = folder.assetcatalog; path = Assets.xcassets; sourceTree = "<group>"; };
		C976F9761DCE5A7000884DBF /* Base */ = {isa = PBXFileReference; lastKnownFileType = file.storyboard; name = Base; path = Base.lproj/LaunchScreen.storyboard; sourceTree = "<group>"; };
		C976F9781DCE5A7000884DBF /* Info.plist */ = {isa = PBXFileReference; lastKnownFileType = text.plist.xml; path = Info.plist; sourceTree = "<group>"; };
/* End PBXFileReference section */

/* Begin PBXFrameworksBuildPhase section */
		C976F9661DCE5A7000884DBF /* Frameworks */ = {
			isa = PBXFrameworksBuildPhase;
			buildActionMask = 2147483647;
			files = (
			);
			runOnlyForDeploymentPostprocessing = 0;
		};
/* End PBXFrameworksBuildPhase section */

/* Begin PBXGroup section */
		C976F9601DCE5A7000884DBF = {
			isa = PBXGroup;
			children = (
				C976F96B1DCE5A7000884DBF /* BudgeIt */,
				C976F96A1DCE5A7000884DBF /* Products */,
			);
			sourceTree = "<group>";
		};
		C976F96A1DCE5A7000884DBF /* Products */ = {
			isa = PBXGroup;
			children = (
				C976F9691DCE5A7000884DBF /* BudgeIt.app */,
			);
			name = Products;
			sourceTree = "<group>";
		};
		C976F96B1DCE5A7000884DBF /* BudgeIt */ = {
			isa = PBXGroup;
			children = (
				C976F96C1DCE5A7000884DBF /* AppDelegate.swift */,
				C976F96E1DCE5A7000884DBF /* ViewController.swift */,
				C976F9701DCE5A7000884DBF /* Main.storyboard */,
				C976F9731DCE5A7000884DBF /* Assets.xcassets */,
				C976F9751DCE5A7000884DBF /* LaunchScreen.storyboard */,
				C976F9781DCE5A7000884DBF /* Info.plist */,
			);
			path = BudgeIt;
			sourceTree = "<group>";
		};
/* End PBXGroup section */

/* Begin PBXNativeTarget section */
		C976F9681DCE5A7000884DBF /* BudgeIt */ = {
			isa = PBXNativeTarget;
			buildConfigurationList = C976F97B1DCE5A7000884DBF /* Build configuration list for PBXNativeTarget "BudgeIt" */;
			buildPhases = (
				C976F9651DCE5A7000884DBF /* Sources */,
				C976F9661DCE5A7000884DBF /* Frameworks */,
				C976F9671DCE5A7000884DBF /* Resources */,
			);
			buildRules = (
			);
			dependencies = (
			);
			name = BudgeIt;
			productName = BudgeIt;
			productReference = C976F9691DCE5A7000884DBF /* BudgeIt.app */;
			productType = "com.apple.product-type.application";
		};
/* End PBXNativeTarget section */

/* Begin PBXProject section */
		C976F9611DCE5A7000884DBF /* Project object */ = {
			isa = PBXProject;
			attributes = {
				LastSwiftUpdateCheck = 0800;
				LastUpgradeCheck = 0800;
				ORGANIZATIONNAME = "Matt Del Signore";
				TargetAttributes = {
					C976F9681DCE5A7000884DBF = {
						CreatedOnToolsVersion = 8.0;
						ProvisioningStyle = Automatic;
					};
				};
			};
			buildConfigurationList = C976F9641DCE5A7000884DBF /* Build configuration list for PBXProject "BudgeIt" */;
			compatibilityVersion = "Xcode 3.2";
			developmentRegion = English;
			hasScannedForEncodings = 0;
			knownRegions = (
				en,
				Base,
			);
			mainGroup = C976F9601DCE5A7000884DBF;
			productRefGroup = C976F96A1DCE5A7000884DBF /* Products */;
			projectDirPath = "";
			projectRoot = "";
			targets = (
				C976F9681DCE5A7000884DBF /* BudgeIt */,
			);
		};
/* End PBXProject section */

/* Begin PBXResourcesBuildPhase section */
		C976F9671DCE5A7000884DBF /* Resources */ = {
			isa = PBXResourcesBuildPhase;
			buildActionMask = 2147483647;
			files = (
				C976F9771DCE5A7000884DBF /* LaunchScreen.storyboard in Resources */,
				C976F9741DCE5A7000884DBF /* Assets.xcassets in Resources */,
				C976F9721DCE5A7000884DBF /* Main.storyboard in Resources */,
			);
			runOnlyForDeploymentPostprocessing = 0;
		};
/* End PBXResourcesBuildPhase section */

/* Begin PBXSourcesBuildPhase section */
		C976F9651DCE5A7000884DBF /* Sources */ = {
			isa = PBXSourcesBuildPhase;
			buildActionMask = 2147483647;
			files = (
				C976F96F1DCE5A7000884DBF /* ViewController.swift in Sources */,
				C976F96D1DCE5A7000884DBF /* AppDelegate.swift in Sources */,
			);
			runOnlyForDeploymentPostprocessing = 0;
		};
/* End PBXSourcesBuildPhase section */

/* Begin PBXVariantGroup section */
		C976F9701DCE5A7000884DBF /* Main.storyboard */ = {
			isa = PBXVariantGroup;
			children = (
				C976F9711DCE5A7000884DBF /* Base */,
			);
			name = Main.storyboard;
			sourceTree = "<group>";
		};
		C976F9751DCE5A7000884DBF /* LaunchScreen.storyboard */ = {
			isa = PBXVariantGroup;
			children = (
				C976F9761DCE5A7000884DBF /* Base */,
			);
			name = LaunchScreen.storyboard;
			sourceTree = "<group>";
		};
/* End PBXVariantGroup section */

/* Begin XCBuildConfiguration section */
		C976F9791DCE5A7000884DBF /* Debug */ = {
			isa = XCBuildConfiguration;
			buildSettings = {
				ALWAYS_SEARCH_USER_PATHS = NO;
				CLANG_ANALYZER_NONNULL = YES;
				CLANG_CXX_LANGUAGE_STANDARD = "gnu++0x";
				CLANG_CXX_LIBRARY = "libc++";
				CLANG_ENABLE_MODULES = YES;
				CLANG_ENABLE_OBJC_ARC = YES;
				CLANG_WARN_BOOL_CONVERSION = YES;
				CLANG_WARN_CONSTANT_CONVERSION = YES;
				CLANG_WARN_DIRECT_OBJC_ISA_USAGE = YES_ERROR;
				CLANG_WARN_DOCUMENTATION_COMMENTS = YES;
				CLANG_WARN_EMPTY_BODY = YES;
				CLANG_WARN_ENUM_CONVERSION = YES;
				CLANG_WARN_INFINITE_RECURSION = YES;
				CLANG_WARN_INT_CONVERSION = YES;
				CLANG_WARN_OBJC_ROOT_CLASS = YES_ERROR;
				CLANG_WARN_SUSPICIOUS_MOVES = YES;
				CLANG_WARN_UNREACHABLE_CODE = YES;
				CLANG_WARN__DUPLICATE_METHOD_MATCH = YES;
				"CODE_SIGN_IDENTITY[sdk=iphoneos*]" = "iPhone Developer";
				COPY_PHASE_STRIP = NO;
				DEBUG_INFORMATION_FORMAT = dwarf;
				ENABLE_STRICT_OBJC_MSGSEND = YES;
				ENABLE_TESTABILITY = YES;
				GCC_C_LANGUAGE_STANDARD = gnu99;
				GCC_DYNAMIC_NO_PIC = NO;
				GCC_NO_COMMON_BLOCKS = YES;
				GCC_OPTIMIZATION_LEVEL = 0;
				GCC_PREPROCESSOR_DEFINITIONS = (
					"DEBUG=1",
					"$(inherited)",
				);
				GCC_WARN_64_TO_32_BIT_CONVERSION = YES;
				GCC_WARN_ABOUT_RETURN_TYPE = YES_ERROR;
				GCC_WARN_UNDECLARED_SELECTOR = YES;
				GCC_WARN_UNINITIALIZED_AUTOS = YES_AGGRESSIVE;
				GCC_WARN_UNUSED_FUNCTION = YES;
				GCC_WARN_UNUSED_VARIABLE = YES;
				IPHONEOS_DEPLOYMENT_TARGET = 10.0;
				MTL_ENABLE_DEBUG_INFO = YES;
				ONLY_ACTIVE_ARCH = YES;
				SDKROOT = iphoneos;
				SWIFT_ACTIVE_COMPILATION_CONDITIONS = DEBUG;
				SWIFT_OPTIMIZATION_LEVEL = "-Onone";
			};
			name = Debug;
		};
		C976F97A1DCE5A7000884DBF /* Release */ = {
			isa = XCBuildConfiguration;
			buildSettings = {
				ALWAYS_SEARCH_USER_PATHS = NO;
				CLANG_ANALYZER_NONNULL = YES;
				CLANG_CXX_LANGUAGE_STANDARD = "gnu++0x";
				CLANG_CXX_LIBRARY = "libc++";
				CLANG_ENABLE_MODULES = YES;
				CLANG_ENABLE_OBJC_ARC = YES;
				CLANG_WARN_BOOL_CONVERSION = YES;
				CLANG_WARN_CONSTANT_CONVERSION = YES;
				CLANG_WARN_DIRECT_OBJC_ISA_USAGE = YES_ERROR;
				CLANG_WARN_DOCUMENTATION_COMMENTS = YES;
				CLANG_WARN_EMPTY_BODY = YES;
				CLANG_WARN_ENUM_CONVERSION = YES;
				CLANG_WARN_INFINITE_RECURSION = YES;
				CLANG_WARN_INT_CONVERSION = YES;
				CLANG_WARN_OBJC_ROOT_CLASS = YES_ERROR;
				CLANG_WARN_SUSPICIOUS_MOVES = YES;
				CLANG_WARN_UNREACHABLE_CODE = YES;
				CLANG_WARN__DUPLICATE_METHOD_MATCH = YES;
				"CODE_SIGN_IDENTITY[sdk=iphoneos*]" = "iPhone Developer";
				COPY_PHASE_STRIP = NO;
				DEBUG_INFORMATION_FORMAT = "dwarf-with-dsym";
				ENABLE_NS_ASSERTIONS = NO;
				ENABLE_STRICT_OBJC_MSGSEND = YES;
				GCC_C_LANGUAGE_STANDARD = gnu99;
				GCC_NO_COMMON_BLOCKS = YES;
				GCC_WARN_64_TO_32_BIT_CONVERSION = YES;
				GCC_WARN_ABOUT_RETURN_TYPE = YES_ERROR;
				GCC_WARN_UNDECLARED_SELECTOR = YES;
				GCC_WARN_UNINITIALIZED_AUTOS = YES_AGGRESSIVE;
				GCC_WARN_UNUSED_FUNCTION = YES;
				GCC_WARN_UNUSED_VARIABLE = YES;
				IPHONEOS_DEPLOYMENT_TARGET = 10.0;
				MTL_ENABLE_DEBUG_INFO = NO;
				SDKROOT = iphoneos;
				SWIFT_OPTIMIZATION_LEVEL = "-Owholemodule";
				VALIDATE_PRODUCT = YES;
			};
			name = Release;
		};
		C976F97C1DCE5A7000884DBF /* Debug */ = {
			isa = XCBuildConfiguration;
			buildSettings = {
				ASSETCATALOG_COMPILER_APPICON_NAME = AppIcon;
				INFOPLIST_FILE = BudgeIt/Info.plist;
				LD_RUNPATH_SEARCH_PATHS = "$(inherited) @executable_path/Frameworks";
				PRODUCT_BUNDLE_IDENTIFIER = com.mattdelsig.BudgeIt;
				PRODUCT_NAME = "$(TARGET_NAME)";
				SWIFT_VERSION = 3.0;
			};
			name = Debug;
		};
		C976F97D1DCE5A7000884DBF /* Release */ = {
			isa = XCBuildConfiguration;
			buildSettings = {
				ASSETCATALOG_COMPILER_APPICON_NAME = AppIcon;
				INFOPLIST_FILE = BudgeIt/Info.plist;
				LD_RUNPATH_SEARCH_PATHS = "$(inherited) @executable_path/Frameworks";
				PRODUCT_BUNDLE_IDENTIFIER = com.mattdelsig.BudgeIt;
				PRODUCT_NAME = "$(TARGET_NAME)";
				SWIFT_VERSION = 3.0;
			};
			name = Release;
		};
/* End XCBuildConfiguration section */

/* Begin XCConfigurationList section */
		C976F9641DCE5A7000884DBF /* Build configuration list for PBXProject "BudgeIt" */ = {
			isa = XCConfigurationList;
			buildConfigurations = (
				C976F9791DCE5A7000884DBF /* Debug */,
				C976F97A1DCE5A7000884DBF /* Release */,
			);
			defaultConfigurationIsVisible = 0;
			defaultConfigurationName = Release;
		};
		C976F97B1DCE5A7000884DBF /* Build configuration list for PBXNativeTarget "BudgeIt" */ = {
			isa = XCConfigurationList;
			buildConfigurations = (
				C976F97C1DCE5A7000884DBF /* Debug */,
				C976F97D1DCE5A7000884DBF /* Release */,
			);
			defaultConfigurationIsVisible = 0;
		};
/* End XCConfigurationList section */
	};
	rootObject = C976F9611DCE5A7000884DBF /* Project object */;
}
