// !$*UTF8*$!
{
	archiveVersion = 1;
	classes = {
	};
	objectVersion = 46;
	objects = {

/* Begin PBXBuildFile section */
		2D63DFCAC242F9A0DAA4B652 /* Pods_BudgeIt.framework in Frameworks */ = {isa = PBXBuildFile; fileRef = CB0177C1717DD0825E483CF4 /* Pods_BudgeIt.framework */; };
		C96CBB311DCE6CAB0049659B /* User.swift in Sources */ = {isa = PBXBuildFile; fileRef = C96CBB301DCE6CAB0049659B /* User.swift */; };
		C96CBB331DCE6E550049659B /* Post.swift in Sources */ = {isa = PBXBuildFile; fileRef = C96CBB321DCE6E550049659B /* Post.swift */; };
		C96CBB361DCE752F0049659B /* HomeViewController.swift in Sources */ = {isa = PBXBuildFile; fileRef = C96CBB351DCE752F0049659B /* HomeViewController.swift */; };
		C96CBB381DCE753A0049659B /* AddPostViewController.swift in Sources */ = {isa = PBXBuildFile; fileRef = C96CBB371DCE753A0049659B /* AddPostViewController.swift */; };
		C96CBB3A1DCE75490049659B /* DetailViewController.swift in Sources */ = {isa = PBXBuildFile; fileRef = C96CBB391DCE75490049659B /* DetailViewController.swift */; };
		C96CBB3C1DCE75DC0049659B /* Comment.swift in Sources */ = {isa = PBXBuildFile; fileRef = C96CBB3B1DCE75DC0049659B /* Comment.swift */; };
		C976F96D1DCE5A7000884DBF /* AppDelegate.swift in Sources */ = {isa = PBXBuildFile; fileRef = C976F96C1DCE5A7000884DBF /* AppDelegate.swift */; };
		C976F96F1DCE5A7000884DBF /* ViewController.swift in Sources */ = {isa = PBXBuildFile; fileRef = C976F96E1DCE5A7000884DBF /* ViewController.swift */; };
		C976F9721DCE5A7000884DBF /* Main.storyboard in Resources */ = {isa = PBXBuildFile; fileRef = C976F9701DCE5A7000884DBF /* Main.storyboard */; };
		C976F9741DCE5A7000884DBF /* Assets.xcassets in Resources */ = {isa = PBXBuildFile; fileRef = C976F9731DCE5A7000884DBF /* Assets.xcassets */; };
		C976F9771DCE5A7000884DBF /* LaunchScreen.storyboard in Resources */ = {isa = PBXBuildFile; fileRef = C976F9751DCE5A7000884DBF /* LaunchScreen.storyboard */; };
		C9AD723C1DCE78B2004E9C94 /* HomeTableViewCell.swift in Sources */ = {isa = PBXBuildFile; fileRef = C9AD723B1DCE78B2004E9C94 /* HomeTableViewCell.swift */; };
		C9E526871DCE5C4D009F4654 /* LoginViewController.swift in Sources */ = {isa = PBXBuildFile; fileRef = C9E526861DCE5C4D009F4654 /* LoginViewController.swift */; };
		C9E5268C1DCE6678009F4654 /* GoogleService-Info.plist in Resources */ = {isa = PBXBuildFile; fileRef = C9E5268B1DCE6678009F4654 /* GoogleService-Info.plist */; };
/* End PBXBuildFile section */

/* Begin PBXFileReference section */
		9403D0FE05377B3ABB79CDA3 /* Pods-BudgeIt.debug.xcconfig */ = {isa = PBXFileReference; includeInIndex = 1; lastKnownFileType = text.xcconfig; name = "Pods-BudgeIt.debug.xcconfig"; path = "Pods/Target Support Files/Pods-BudgeIt/Pods-BudgeIt.debug.xcconfig"; sourceTree = "<group>"; };
		A3060B3484A0712CDCAEC39C /* Pods-BudgeIt.release.xcconfig */ = {isa = PBXFileReference; includeInIndex = 1; lastKnownFileType = text.xcconfig; name = "Pods-BudgeIt.release.xcconfig"; path = "Pods/Target Support Files/Pods-BudgeIt/Pods-BudgeIt.release.xcconfig"; sourceTree = "<group>"; };
		C96CBB301DCE6CAB0049659B /* User.swift */ = {isa = PBXFileReference; fileEncoding = 4; lastKnownFileType = sourcecode.swift; path = User.swift; sourceTree = "<group>"; };
		C96CBB321DCE6E550049659B /* Post.swift */ = {isa = PBXFileReference; fileEncoding = 4; lastKnownFileType = sourcecode.swift; path = Post.swift; sourceTree = "<group>"; };
		C96CBB351DCE752F0049659B /* HomeViewController.swift */ = {isa = PBXFileReference; fileEncoding = 4; lastKnownFileType = sourcecode.swift; path = HomeViewController.swift; sourceTree = "<group>"; };
		C96CBB371DCE753A0049659B /* AddPostViewController.swift */ = {isa = PBXFileReference; fileEncoding = 4; lastKnownFileType = sourcecode.swift; path = AddPostViewController.swift; sourceTree = "<group>"; };
		C96CBB391DCE75490049659B /* DetailViewController.swift */ = {isa = PBXFileReference; fileEncoding = 4; lastKnownFileType = sourcecode.swift; path = DetailViewController.swift; sourceTree = "<group>"; };
		C96CBB3B1DCE75DC0049659B /* Comment.swift */ = {isa = PBXFileReference; fileEncoding = 4; lastKnownFileType = sourcecode.swift; path = Comment.swift; sourceTree = "<group>"; };
		C976F9691DCE5A7000884DBF /* BudgeIt.app */ = {isa = PBXFileReference; explicitFileType = wrapper.application; includeInIndex = 0; path = BudgeIt.app; sourceTree = BUILT_PRODUCTS_DIR; };
		C976F96C1DCE5A7000884DBF /* AppDelegate.swift */ = {isa = PBXFileReference; lastKnownFileType = sourcecode.swift; path = AppDelegate.swift; sourceTree = "<group>"; };
		C976F96E1DCE5A7000884DBF /* ViewController.swift */ = {isa = PBXFileReference; lastKnownFileType = sourcecode.swift; path = ViewController.swift; sourceTree = "<group>"; };
		C976F9711DCE5A7000884DBF /* Base */ = {isa = PBXFileReference; lastKnownFileType = file.storyboard; name = Base; path = Base.lproj/Main.storyboard; sourceTree = "<group>"; };
		C976F9731DCE5A7000884DBF /* Assets.xcassets */ = {isa = PBXFileReference; lastKnownFileType = folder.assetcatalog; path = Assets.xcassets; sourceTree = "<group>"; };
		C976F9761DCE5A7000884DBF /* Base */ = {isa = PBXFileReference; lastKnownFileType = file.storyboard; name = Base; path = Base.lproj/LaunchScreen.storyboard; sourceTree = "<group>"; };
		C976F9781DCE5A7000884DBF /* Info.plist */ = {isa = PBXFileReference; lastKnownFileType = text.plist.xml; path = Info.plist; sourceTree = "<group>"; };
		C9AD723B1DCE78B2004E9C94 /* HomeTableViewCell.swift */ = {isa = PBXFileReference; fileEncoding = 4; lastKnownFileType = sourcecode.swift; path = HomeTableViewCell.swift; sourceTree = "<group>"; };
		C9E526861DCE5C4D009F4654 /* LoginViewController.swift */ = {isa = PBXFileReference; fileEncoding = 4; lastKnownFileType = sourcecode.swift; path = LoginViewController.swift; sourceTree = "<group>"; };
		C9E526881DCE5E80009F4654 /* BudgeIt.entitlements */ = {isa = PBXFileReference; lastKnownFileType = text.plist.entitlements; path = BudgeIt.entitlements; sourceTree = "<group>"; };
		C9E5268B1DCE6678009F4654 /* GoogleService-Info.plist */ = {isa = PBXFileReference; fileEncoding = 4; lastKnownFileType = text.plist.xml; path = "GoogleService-Info.plist"; sourceTree = "<group>"; };
		CB0177C1717DD0825E483CF4 /* Pods_BudgeIt.framework */ = {isa = PBXFileReference; explicitFileType = wrapper.framework; includeInIndex = 0; path = Pods_BudgeIt.framework; sourceTree = BUILT_PRODUCTS_DIR; };
/* End PBXFileReference section */

/* Begin PBXFrameworksBuildPhase section */
		C976F9661DCE5A7000884DBF /* Frameworks */ = {
			isa = PBXFrameworksBuildPhase;
			buildActionMask = 2147483647;
			files = (
				2D63DFCAC242F9A0DAA4B652 /* Pods_BudgeIt.framework in Frameworks */,
			);
			runOnlyForDeploymentPostprocessing = 0;
		};
/* End PBXFrameworksBuildPhase section */

/* Begin PBXGroup section */
		944532EA279D2E2C9057958D /* Frameworks */ = {
			isa = PBXGroup;
			children = (
				CB0177C1717DD0825E483CF4 /* Pods_BudgeIt.framework */,
			);
			name = Frameworks;
			sourceTree = "<group>";
		};
		C96CBB2A1DCE6C5C0049659B /* Models */ = {
			isa = PBXGroup;
			children = (
				C96CBB301DCE6CAB0049659B /* User.swift */,
				C96CBB321DCE6E550049659B /* Post.swift */,
				C96CBB3B1DCE75DC0049659B /* Comment.swift */,
			);
			name = Models;
			sourceTree = "<group>";
		};
		C96CBB341DCE71010049659B /* Views */ = {
			isa = PBXGroup;
			children = (
				C9AD723B1DCE78B2004E9C94 /* HomeTableViewCell.swift */,
			);
			name = Views;
			sourceTree = "<group>";
		};
		C976F9601DCE5A7000884DBF = {
			isa = PBXGroup;
			children = (
				C976F96B1DCE5A7000884DBF /* BudgeIt */,
				C976F96A1DCE5A7000884DBF /* Products */,
				FD3E25684CE210ADC7AAE6ED /* Pods */,
				944532EA279D2E2C9057958D /* Frameworks */,
			);
			sourceTree = "<group>";
		};
		C976F96A1DCE5A7000884DBF /* Products */ = {
			isa = PBXGroup;
			children = (
				C976F9691DCE5A7000884DBF /* BudgeIt.app */,
			);
			name = Products;
			sourceTree = "<group>";
		};
		C976F96B1DCE5A7000884DBF /* BudgeIt */ = {
			isa = PBXGroup;
			children = (
				C9E5268B1DCE6678009F4654 /* GoogleService-Info.plist */,
				C9E526881DCE5E80009F4654 /* BudgeIt.entitlements */,
				C976F96C1DCE5A7000884DBF /* AppDelegate.swift */,
				C976F96E1DCE5A7000884DBF /* ViewController.swift */,
				C976F9701DCE5A7000884DBF /* Main.storyboard */,
				C976F9731DCE5A7000884DBF /* Assets.xcassets */,
				C976F9751DCE5A7000884DBF /* LaunchScreen.storyboard */,
				C976F9781DCE5A7000884DBF /* Info.plist */,
				C96CBB341DCE71010049659B /* Views */,
				C96CBB2A1DCE6C5C0049659B /* Models */,
				C9E526851DCE5C2E009F4654 /* ViewControllers */,
			);
			path = BudgeIt;
			sourceTree = "<group>";
		};
		C9E526851DCE5C2E009F4654 /* ViewControllers */ = {
			isa = PBXGroup;
			children = (
				C9E526861DCE5C4D009F4654 /* LoginViewController.swift */,
				C96CBB351DCE752F0049659B /* HomeViewController.swift */,
				C96CBB371DCE753A0049659B /* AddPostViewController.swift */,
				C96CBB391DCE75490049659B /* DetailViewController.swift */,
			);
			name = ViewControllers;
			sourceTree = "<group>";
		};
		FD3E25684CE210ADC7AAE6ED /* Pods */ = {
			isa = PBXGroup;
			children = (
				9403D0FE05377B3ABB79CDA3 /* Pods-BudgeIt.debug.xcconfig */,
				A3060B3484A0712CDCAEC39C /* Pods-BudgeIt.release.xcconfig */,
			);
			name = Pods;
			sourceTree = "<group>";
		};
/* End PBXGroup section */

/* Begin PBXNativeTarget section */
		C976F9681DCE5A7000884DBF /* BudgeIt */ = {
			isa = PBXNativeTarget;
			buildConfigurationList = C976F97B1DCE5A7000884DBF /* Build configuration list for PBXNativeTarget "BudgeIt" */;
			buildPhases = (
				E80E1037364901E9CD7EBD2E /* Check Pods Manifest.lock */,
				C976F9651DCE5A7000884DBF /* Sources */,
				C976F9661DCE5A7000884DBF /* Frameworks */,
				C976F9671DCE5A7000884DBF /* Resources */,
				24CAA927E69E40C048D417DB /* Embed Pods Frameworks */,
				CD50937CC0715A1FA6B49493 /* Copy Pods Resources */,
			);
			buildRules = (
			);
			dependencies = (
			);
			name = BudgeIt;
			productName = BudgeIt;
			productReference = C976F9691DCE5A7000884DBF /* BudgeIt.app */;
			productType = "com.apple.product-type.application";
		};
/* End PBXNativeTarget section */

/* Begin PBXProject section */
		C976F9611DCE5A7000884DBF /* Project object */ = {
			isa = PBXProject;
			attributes = {
				LastSwiftUpdateCheck = 0800;
				LastUpgradeCheck = 0800;
				ORGANIZATIONNAME = "Matt Del Signore";
				TargetAttributes = {
					C976F9681DCE5A7000884DBF = {
						CreatedOnToolsVersion = 8.0;
						DevelopmentTeam = 7PWKK47P8Y;
						ProvisioningStyle = Automatic;
						SystemCapabilities = {
							com.apple.Keychain = {
								enabled = 1;
							};
						};
					};
				};
			};
			buildConfigurationList = C976F9641DCE5A7000884DBF /* Build configuration list for PBXProject "BudgeIt" */;
			compatibilityVersion = "Xcode 3.2";
			developmentRegion = English;
			hasScannedForEncodings = 0;
			knownRegions = (
				en,
				Base,
			);
			mainGroup = C976F9601DCE5A7000884DBF;
			productRefGroup = C976F96A1DCE5A7000884DBF /* Products */;
			projectDirPath = "";
			projectRoot = "";
			targets = (
				C976F9681DCE5A7000884DBF /* BudgeIt */,
			);
		};
/* End PBXProject section */

/* Begin PBXResourcesBuildPhase section */
		C976F9671DCE5A7000884DBF /* Resources */ = {
			isa = PBXResourcesBuildPhase;
			buildActionMask = 2147483647;
			files = (
				C976F9771DCE5A7000884DBF /* LaunchScreen.storyboard in Resources */,
				C976F9741DCE5A7000884DBF /* Assets.xcassets in Resources */,
				C9E5268C1DCE6678009F4654 /* GoogleService-Info.plist in Resources */,
				C976F9721DCE5A7000884DBF /* Main.storyboard in Resources */,
			);
			runOnlyForDeploymentPostprocessing = 0;
		};
/* End PBXResourcesBuildPhase section */

/* Begin PBXShellScriptBuildPhase section */
		24CAA927E69E40C048D417DB /* Embed Pods Frameworks */ = {
			isa = PBXShellScriptBuildPhase;
			buildActionMask = 2147483647;
			files = (
			);
			inputPaths = (
			);
			name = "Embed Pods Frameworks";
			outputPaths = (
			);
			runOnlyForDeploymentPostprocessing = 0;
			shellPath = /bin/sh;
			shellScript = "\"${SRCROOT}/Pods/Target Support Files/Pods-BudgeIt/Pods-BudgeIt-frameworks.sh\"\n";
			showEnvVarsInLog = 0;
		};
		CD50937CC0715A1FA6B49493 /* Copy Pods Resources */ = {
			isa = PBXShellScriptBuildPhase;
			buildActionMask = 2147483647;
			files = (
			);
			inputPaths = (
			);
			name = "Copy Pods Resources";
			outputPaths = (
			);
			runOnlyForDeploymentPostprocessing = 0;
			shellPath = /bin/sh;
			shellScript = "\"${SRCROOT}/Pods/Target Support Files/Pods-BudgeIt/Pods-BudgeIt-resources.sh\"\n";
			showEnvVarsInLog = 0;
		};
		E80E1037364901E9CD7EBD2E /* Check Pods Manifest.lock */ = {
			isa = PBXShellScriptBuildPhase;
			buildActionMask = 2147483647;
			files = (
			);
			inputPaths = (
			);
			name = "Check Pods Manifest.lock";
			outputPaths = (
			);
			runOnlyForDeploymentPostprocessing = 0;
			shellPath = /bin/sh;
			shellScript = "diff \"${PODS_ROOT}/../Podfile.lock\" \"${PODS_ROOT}/Manifest.lock\" > /dev/null\nif [[ $? != 0 ]] ; then\n    cat << EOM\nerror: The sandbox is not in sync with the Podfile.lock. Run 'pod install' or update your CocoaPods installation.\nEOM\n    exit 1\nfi\n";
			showEnvVarsInLog = 0;
		};
/* End PBXShellScriptBuildPhase section */

/* Begin PBXSourcesBuildPhase section */
		C976F9651DCE5A7000884DBF /* Sources */ = {
			isa = PBXSourcesBuildPhase;
			buildActionMask = 2147483647;
			files = (
				C96CBB311DCE6CAB0049659B /* User.swift in Sources */,
				C9E526871DCE5C4D009F4654 /* LoginViewController.swift in Sources */,
				C976F96F1DCE5A7000884DBF /* ViewController.swift in Sources */,
				C976F96D1DCE5A7000884DBF /* AppDelegate.swift in Sources */,
				C96CBB331DCE6E550049659B /* Post.swift in Sources */,
				C96CBB361DCE752F0049659B /* HomeViewController.swift in Sources */,
				C9AD723C1DCE78B2004E9C94 /* HomeTableViewCell.swift in Sources */,
				C96CBB381DCE753A0049659B /* AddPostViewController.swift in Sources */,
				C96CBB3C1DCE75DC0049659B /* Comment.swift in Sources */,
				C96CBB3A1DCE75490049659B /* DetailViewController.swift in Sources */,
			);
			runOnlyForDeploymentPostprocessing = 0;
		};
/* End PBXSourcesBuildPhase section */

/* Begin PBXVariantGroup section */
		C976F9701DCE5A7000884DBF /* Main.storyboard */ = {
			isa = PBXVariantGroup;
			children = (
				C976F9711DCE5A7000884DBF /* Base */,
			);
			name = Main.storyboard;
			sourceTree = "<group>";
		};
		C976F9751DCE5A7000884DBF /* LaunchScreen.storyboard */ = {
			isa = PBXVariantGroup;
			children = (
				C976F9761DCE5A7000884DBF /* Base */,
			);
			name = LaunchScreen.storyboard;
			sourceTree = "<group>";
		};
/* End PBXVariantGroup section */

/* Begin XCBuildConfiguration section */
		C976F9791DCE5A7000884DBF /* Debug */ = {
			isa = XCBuildConfiguration;
			buildSettings = {
				ALWAYS_SEARCH_USER_PATHS = NO;
				CLANG_ANALYZER_NONNULL = YES;
				CLANG_CXX_LANGUAGE_STANDARD = "gnu++0x";
				CLANG_CXX_LIBRARY = "libc++";
				CLANG_ENABLE_MODULES = YES;
				CLANG_ENABLE_OBJC_ARC = YES;
				CLANG_WARN_BOOL_CONVERSION = YES;
				CLANG_WARN_CONSTANT_CONVERSION = YES;
				CLANG_WARN_DIRECT_OBJC_ISA_USAGE = YES_ERROR;
				CLANG_WARN_DOCUMENTATION_COMMENTS = YES;
				CLANG_WARN_EMPTY_BODY = YES;
				CLANG_WARN_ENUM_CONVERSION = YES;
				CLANG_WARN_INFINITE_RECURSION = YES;
				CLANG_WARN_INT_CONVERSION = YES;
				CLANG_WARN_OBJC_ROOT_CLASS = YES_ERROR;
				CLANG_WARN_SUSPICIOUS_MOVE = YES;
				CLANG_WARN_SUSPICIOUS_MOVES = YES;
				CLANG_WARN_UNREACHABLE_CODE = YES;
				CLANG_WARN__DUPLICATE_METHOD_MATCH = YES;
				"CODE_SIGN_IDENTITY[sdk=iphoneos*]" = "iPhone Developer";
				COPY_PHASE_STRIP = NO;
				DEBUG_INFORMATION_FORMAT = dwarf;
				ENABLE_STRICT_OBJC_MSGSEND = YES;
				ENABLE_TESTABILITY = YES;
				GCC_C_LANGUAGE_STANDARD = gnu99;
				GCC_DYNAMIC_NO_PIC = NO;
				GCC_NO_COMMON_BLOCKS = YES;
				GCC_OPTIMIZATION_LEVEL = 0;
				GCC_PREPROCESSOR_DEFINITIONS = (
					"DEBUG=1",
					"$(inherited)",
				);
				GCC_WARN_64_TO_32_BIT_CONVERSION = YES;
				GCC_WARN_ABOUT_RETURN_TYPE = YES_ERROR;
				GCC_WARN_UNDECLARED_SELECTOR = YES;
				GCC_WARN_UNINITIALIZED_AUTOS = YES_AGGRESSIVE;
				GCC_WARN_UNUSED_FUNCTION = YES;
				GCC_WARN_UNUSED_VARIABLE = YES;
				IPHONEOS_DEPLOYMENT_TARGET = 10.0;
				MTL_ENABLE_DEBUG_INFO = YES;
				ONLY_ACTIVE_ARCH = YES;
				SDKROOT = iphoneos;
				SWIFT_ACTIVE_COMPILATION_CONDITIONS = DEBUG;
				SWIFT_OPTIMIZATION_LEVEL = "-Onone";
			};
			name = Debug;
		};
		C976F97A1DCE5A7000884DBF /* Release */ = {
			isa = XCBuildConfiguration;
			buildSettings = {
				ALWAYS_SEARCH_USER_PATHS = NO;
				CLANG_ANALYZER_NONNULL = YES;
				CLANG_CXX_LANGUAGE_STANDARD = "gnu++0x";
				CLANG_CXX_LIBRARY = "libc++";
				CLANG_ENABLE_MODULES = YES;
				CLANG_ENABLE_OBJC_ARC = YES;
				CLANG_WARN_BOOL_CONVERSION = YES;
				CLANG_WARN_CONSTANT_CONVERSION = YES;
				CLANG_WARN_DIRECT_OBJC_ISA_USAGE = YES_ERROR;
				CLANG_WARN_DOCUMENTATION_COMMENTS = YES;
				CLANG_WARN_EMPTY_BODY = YES;
				CLANG_WARN_ENUM_CONVERSION = YES;
				CLANG_WARN_INFINITE_RECURSION = YES;
				CLANG_WARN_INT_CONVERSION = YES;
				CLANG_WARN_OBJC_ROOT_CLASS = YES_ERROR;
				CLANG_WARN_SUSPICIOUS_MOVE = YES;
				CLANG_WARN_SUSPICIOUS_MOVES = YES;
				CLANG_WARN_UNREACHABLE_CODE = YES;
				CLANG_WARN__DUPLICATE_METHOD_MATCH = YES;
				"CODE_SIGN_IDENTITY[sdk=iphoneos*]" = "iPhone Developer";
				COPY_PHASE_STRIP = NO;
				DEBUG_INFORMATION_FORMAT = "dwarf-with-dsym";
				ENABLE_NS_ASSERTIONS = NO;
				ENABLE_STRICT_OBJC_MSGSEND = YES;
				GCC_C_LANGUAGE_STANDARD = gnu99;
				GCC_NO_COMMON_BLOCKS = YES;
				GCC_WARN_64_TO_32_BIT_CONVERSION = YES;
				GCC_WARN_ABOUT_RETURN_TYPE = YES_ERROR;
				GCC_WARN_UNDECLARED_SELECTOR = YES;
				GCC_WARN_UNINITIALIZED_AUTOS = YES_AGGRESSIVE;
				GCC_WARN_UNUSED_FUNCTION = YES;
				GCC_WARN_UNUSED_VARIABLE = YES;
				IPHONEOS_DEPLOYMENT_TARGET = 10.0;
				MTL_ENABLE_DEBUG_INFO = NO;
				SDKROOT = iphoneos;
				SWIFT_OPTIMIZATION_LEVEL = "-Owholemodule";
				VALIDATE_PRODUCT = YES;
			};
			name = Release;
		};
		C976F97C1DCE5A7000884DBF /* Debug */ = {
			isa = XCBuildConfiguration;
			baseConfigurationReference = 9403D0FE05377B3ABB79CDA3 /* Pods-BudgeIt.debug.xcconfig */;
			buildSettings = {
				ASSETCATALOG_COMPILER_APPICON_NAME = AppIcon;
				CODE_SIGN_ENTITLEMENTS = BudgeIt/BudgeIt.entitlements;
				DEVELOPMENT_TEAM = 7PWKK47P8Y;
				INFOPLIST_FILE = BudgeIt/Info.plist;
				LD_RUNPATH_SEARCH_PATHS = "$(inherited) @executable_path/Frameworks";
				PRODUCT_BUNDLE_IDENTIFIER = com.mattdelsig.BudgeIt;
				PRODUCT_NAME = "$(TARGET_NAME)";
				SWIFT_VERSION = 3.0;
			};
			name = Debug;
		};
		C976F97D1DCE5A7000884DBF /* Release */ = {
			isa = XCBuildConfiguration;
			baseConfigurationReference = A3060B3484A0712CDCAEC39C /* Pods-BudgeIt.release.xcconfig */;
			buildSettings = {
				ASSETCATALOG_COMPILER_APPICON_NAME = AppIcon;
				CODE_SIGN_ENTITLEMENTS = BudgeIt/BudgeIt.entitlements;
				DEVELOPMENT_TEAM = 7PWKK47P8Y;
				INFOPLIST_FILE = BudgeIt/Info.plist;
				LD_RUNPATH_SEARCH_PATHS = "$(inherited) @executable_path/Frameworks";
				PRODUCT_BUNDLE_IDENTIFIER = com.mattdelsig.BudgeIt;
				PRODUCT_NAME = "$(TARGET_NAME)";
				SWIFT_VERSION = 3.0;
			};
			name = Release;
		};
/* End XCBuildConfiguration section */

/* Begin XCConfigurationList section */
		C976F9641DCE5A7000884DBF /* Build configuration list for PBXProject "BudgeIt" */ = {
			isa = XCConfigurationList;
			buildConfigurations = (
				C976F9791DCE5A7000884DBF /* Debug */,
				C976F97A1DCE5A7000884DBF /* Release */,
			);
			defaultConfigurationIsVisible = 0;
			defaultConfigurationName = Release;
		};
		C976F97B1DCE5A7000884DBF /* Build configuration list for PBXNativeTarget "BudgeIt" */ = {
			isa = XCConfigurationList;
			buildConfigurations = (
				C976F97C1DCE5A7000884DBF /* Debug */,
				C976F97D1DCE5A7000884DBF /* Release */,
			);
			defaultConfigurationIsVisible = 0;
			defaultConfigurationName = Release;
		};
/* End XCConfigurationList section */
	};
	rootObject = C976F9611DCE5A7000884DBF /* Project object */;
}
